
Microsoft Visual Studio Solution File, Format Version 12.00
# Visual Studio Version 17
VisualStudioVersion = 17.4.33110.190
MinimumVisualStudioVersion = 10.0.40219.1
Project("{8BC9CEB8-8B4A-11D0-8D11-00A0C91BC942}") = "MathLibrary", "MathLibrary\MathLibrary.vcxproj", "{9160017B-324C-47EF-A940-0B770464045B}"
EndProject
Project("{8BC9CEB8-8B4A-11D0-8D11-00A0C91BC942}") = "MathClient", "MathClient\MathClient.vcxproj", "{5C987124-5BB5-4D42-A07D-E262701E2BA4}"
EndProject
Global
	GlobalSection(SolutionConfigurationPlatforms) = preSolution
		Debug|x64 = Debug|x64
		Debug|x86 = Debug|x86
		Release|x64 = Release|x64
		Release|x86 = Release|x86
	EndGlobalSection
	GlobalSection(ProjectConfigurationPlatforms) = postSolution
		{9160017B-324C-47EF-A940-0B770464045B}.Debug|x64.ActiveCfg = Debug|x64
		{9160017B-324C-47EF-A940-0B770464045B}.Debug|x64.Build.0 = Debug|x64
		{9160017B-324C-47EF-A940-0B770464045B}.Debug|x86.ActiveCfg = Debug|Win32
		{9160017B-324C-47EF-A940-0B770464045B}.Debug|x86.Build.0 = Debug|Win32
		{9160017B-324C-47EF-A940-0B770464045B}.Release|x64.ActiveCfg = Release|x64
		{9160017B-324C-47EF-A940-0B770464045B}.Release|x64.Build.0 = Release|x64
		{9160017B-324C-47EF-A940-0B770464045B}.Release|x86.ActiveCfg = Release|Win32
		{9160017B-324C-47EF-A940-0B770464045B}.Release|x86.Build.0 = Release|Win32
		{5C987124-5BB5-4D42-A07D-E262701E2BA4}.Debug|x64.ActiveCfg = Debug|x64
		{5C987124-5BB5-4D42-A07D-E262701E2BA4}.Debug|x64.Build.0 = Debug|x64
		{5C987124-5BB5-4D42-A07D-E262701E2BA4}.Debug|x86.ActiveCfg = Debug|Win32
		{5C987124-5BB5-4D42-A07D-E262701E2BA4}.Debug|x86.Build.0 = Debug|Win32
		{5C987124-5BB5-4D42-A07D-E262701E2BA4}.Release|x64.ActiveCfg = Release|x64
		{5C987124-5BB5-4D42-A07D-E262701E2BA4}.Release|x64.Build.0 = Release|x64
		{5C987124-5BB5-4D42-A07D-E262701E2BA4}.Release|x86.ActiveCfg = Release|Win32
		{5C987124-5BB5-4D42-A07D-E262701E2BA4}.Release|x86.Build.0 = Release|Win32
	EndGlobalSection
	GlobalSection(SolutionProperties) = preSolution
		HideSolutionNode = FALSE
	EndGlobalSection
	GlobalSection(ExtensibilityGlobals) = postSolution
		SolutionGuid = {E02DF87A-D50E-49DA-AE27-7522C07B0AA4}
	EndGlobalSection
EndGlobal
